{
  "lockfileVersion": 1,
  "workspaces": {
    "": {
      "name": "tissues",
      "dependencies": {
        "@octokit/rest": "^22.0.1",
        "@opentui/core": "0.4.5",
        "web-tree-sitter": "0.25.10",
      },
      "devDependencies": {
        "@types/bun": "latest",
      },
      "peerDependencies": {
        "typescript": "^5",
      },
    },
  },
  "packages": {
    "@octokit/auth-token": ["@octokit/auth-token@6.0.0", "", {}, "sha512-P4YJBPdPSpWTQ1NU4XYdvHvXJJDxM6YwpS0FZHRgP7YFkdVxsWcpWGy/NVqlAA7PcPCnMacXlRm1y2PFZRWL/w=="],

    "@octokit/core": ["@octokit/core@7.0.6", "", { "dependencies": { "@octokit/auth-token": "^6.0.0", "@octokit/graphql": "^9.0.3", "@octokit/request": "^10.0.6", "@octokit/request-error": "^7.0.2", "@octokit/types": "^16.0.0", "before-after-hook": "^4.0.0", "universal-user-agent": "^7.0.0" } }, "sha512-DhGl4xMVFGVIyMwswXeyzdL4uXD5OGILGX5N8Y+f6W7LhC1Ze2poSNrkF/fedpVDHEEZ+PHFW0vL14I+mm8K3Q=="],

    "@octokit/endpoint": ["@octokit/endpoint@11.0.3", "", { "dependencies": { "@octokit/types": "^16.0.0", "universal-user-agent": "^7.0.2" } }, "sha512-FWFlNxghg4HrXkD3ifYbS/IdL/mDHjh9QcsNyhQjN8dplUoZbejsdpmuqdA76nxj2xoWPs7p8uX2SNr9rYu0Ag=="],

    "@octokit/graphql": ["@octokit/graphql@9.0.3", "", { "dependencies": { "@octokit/request": "^10.0.6", "@octokit/types": "^16.0.0", "universal-user-agent": "^7.0.0" } }, "sha512-grAEuupr/C1rALFnXTv6ZQhFuL1D8G5y8CN04RgrO4FIPMrtm+mcZzFG7dcBm+nq+1ppNixu+Jd78aeJOYxlGA=="],

    "@octokit/openapi-types": ["@octokit/openapi-types@27.0.0", "", {}, "sha512-whrdktVs1h6gtR+09+QsNk2+FO+49j6ga1c55YZudfEG+oKJVvJLQi3zkOm5JjiUXAagWK2tI2kTGKJ2Ys7MGA=="],

    "@octokit/plugin-paginate-rest": ["@octokit/plugin-paginate-rest@14.0.0", "", { "dependencies": { "@octokit/types": "^16.0.0" }, "peerDependencies": { "@octokit/core": ">=6" } }, "sha512-fNVRE7ufJiAA3XUrha2omTA39M6IXIc6GIZLvlbsm8QOQCYvpq/LkMNGyFlB1d8hTDzsAXa3OKtybdMAYsV/fw=="],

    "@octokit/plugin-request-log": ["@octokit/plugin-request-log@6.0.0", "", { "peerDependencies": { "@octokit/core": ">=6" } }, "sha512-UkOzeEN3W91/eBq9sPZNQ7sUBvYCqYbrrD8gTbBuGtHEuycE4/awMXcYvx6sVYo7LypPhmQwwpUe4Yyu4QZN5Q=="],

    "@octokit/plugin-rest-endpoint-methods": ["@octokit/plugin-rest-endpoint-methods@17.0.0", "", { "dependencies": { "@octokit/types": "^16.0.0" }, "peerDependencies": { "@octokit/core": ">=6" } }, "sha512-B5yCyIlOJFPqUUeiD0cnBJwWJO8lkJs5d8+ze9QDP6SvfiXSz1BF+91+0MeI1d2yxgOhU/O+CvtiZ9jSkHhFAw=="],

    "@octokit/request": ["@octokit/request@10.0.11", "", { "dependencies": { "@octokit/endpoint": "^11.0.3", "@octokit/request-error": "^7.0.2", "@octokit/types": "^16.0.0", "content-type": "^2.0.0", "json-with-bigint": "^3.5.3", "universal-user-agent": "^7.0.2" } }, "sha512-+s7HUxjfFqOMS9VlIwDffq0MikjSAK0gSpG73W+meAvVAvX4MBrHYTK5Bj3Uot55qFT4gzUtfzE4mGWY4Br8/Q=="],

    "@octokit/request-error": ["@octokit/request-error@7.1.0", "", { "dependencies": { "@octokit/types": "^16.0.0" } }, "sha512-KMQIfq5sOPpkQYajXHwnhjCC0slzCNScLHs9JafXc4RAJI+9f+jNDlBNaIMTvazOPLgb4BnlhGJOTbnN0wIjPw=="],

    "@octokit/rest": ["@octokit/rest@22.0.1", "", { "dependencies": { "@octokit/core": "^7.0.6", "@octokit/plugin-paginate-rest": "^14.0.0", "@octokit/plugin-request-log": "^6.0.0", "@octokit/plugin-rest-endpoint-methods": "^17.0.0" } }, "sha512-Jzbhzl3CEexhnivb1iQ0KJ7s5vvjMWcmRtq5aUsKmKDrRW6z3r84ngmiFKFvpZjpiU/9/S6ITPFRpn5s/3uQJw=="],

    "@octokit/types": ["@octokit/types@16.0.0", "", { "dependencies": { "@octokit/openapi-types": "^27.0.0" } }, "sha512-sKq+9r1Mm4efXW1FCk7hFSeJo4QKreL/tTbR0rz/qx/r1Oa2VV83LTA/H/MuCOX7uCIJmQVRKBcbmWoySjAnSg=="],

    "@opentui/core": ["@opentui/core@0.4.5", "", { "dependencies": { "bun-ffi-structs": "0.2.4", "diff": "9.0.0", "marked": "17.0.1", "string-width": "7.2.0", "strip-ansi": "7.1.2" }, "optionalDependencies": { "@opentui/core-darwin-arm64": "0.4.5", "@opentui/core-darwin-x64": "0.4.5", "@opentui/core-linux-arm64": "0.4.5", "@opentui/core-linux-arm64-musl": "0.4.5", "@opentui/core-linux-x64": "0.4.5", "@opentui/core-linux-x64-musl": "0.4.5", "@opentui/core-win32-arm64": "0.4.5", "@opentui/core-win32-x64": "0.4.5" }, "peerDependencies": { "web-tree-sitter": "0.25.10" } }, "sha512-JsgRTPkA6e+Vxmumxai6SElOSlRQkbzNKHlCfemlArRiLhfC1IZ9RXJo2QH4xSu+uBOWAM90uss73/pPlkdEig=="],

    "@opentui/core-darwin-arm64": ["@opentui/core-darwin-arm64@0.4.5", "", { "os": "darwin", "cpu": "arm64" }, "sha512-8KUG0oRidnR+oW1RSZJ72/PhZLl+qRRMk5U/mieF4c0SJ5V3tYACpBZAKzQfHNd1f7QzD8FHZct1lPpQgtmkWg=="],

    "@opentui/core-darwin-x64": ["@opentui/core-darwin-x64@0.4.5", "", { "os": "darwin", "cpu": "x64" }, "sha512-R2bocsg55gwjOqCp/MWFgFYzRmsduKegB6nzgFAPCvAD/L5Jf30xpWJWFlSg3x8vxe1L9WJ84dfqa4M7mZZ3wA=="],

    "@opentui/core-linux-arm64": ["@opentui/core-linux-arm64@0.4.5", "", { "os": "linux", "cpu": "arm64" }, "sha512-R4MZ25a4CzOAGVjW9aj1hUfzQGVfCJwrwBDbNs2SXaIvzcZqkxCVtU4FoQ5LsaD0j/BdNQVg2CIfFkFsm1fDuQ=="],

    "@opentui/core-linux-arm64-musl": ["@opentui/core-linux-arm64-musl@0.4.5", "", { "os": "linux", "cpu": "arm64" }, "sha512-ieqdyKI6EIYPalYAETB2wsdP83hr5Ifi+dFnBFUmdEEFHsoKwBmn2S7bsTOYlX7Bg03F4/YPIg+IvRpeC+cUJw=="],

    "@opentui/core-linux-x64": ["@opentui/core-linux-x64@0.4.5", "", { "os": "linux", "cpu": "x64" }, "sha512-SNyuQoxMKI1vuJhgxSSW96adWM6LqFl2SoS3GM4tGeneGOanVVG2Y06PvlytXvF4cKik97t0rqkVMRetmOs93w=="],

    "@opentui/core-linux-x64-musl": ["@opentui/core-linux-x64-musl@0.4.5", "", { "os": "linux", "cpu": "x64" }, "sha512-mKVKcIcPiSVVZZsdPSBoWwoa2/TCeQAaMDeHF7PFw2kt5bTXZPP7xxWfRQLCNIcA1eaGl59UuwUWHDR2Ve548Q=="],

    "@opentui/core-win32-arm64": ["@opentui/core-win32-arm64@0.4.5", "", { "os": "win32", "cpu": "arm64" }, "sha512-GHTTsqeR45q2Iek9Rb7ty+x/hAKn2jZ1ujlCgPR8LBKyF7h0E1dNFryoZ7ehMc3kJndP1sKn836IemKFqxuDdQ=="],

    "@opentui/core-win32-x64": ["@opentui/core-win32-x64@0.4.5", "", { "os": "win32", "cpu": "x64" }, "sha512-Y8T/yXCDGagRGiQrtmuB6AhRcPucKFs/Dre3v8kJwNYqDccI4FzUPKclZ7djfmRZNjl7JUqPhZZP/PwDpQocMg=="],

    "@types/bun": ["@types/bun@1.3.14", "", { "dependencies": { "bun-types": "1.3.14" } }, "sha512-h1hFqFVcvAvD9j9K7ZW7vd82aSA+rTdznZa+5bwvCwqSB1jmmfLcbIWhOLx1/+boy/xmjgCs/OMUL8hRJSmnPw=="],

    "@types/node": ["@types/node@26.1.2", "", { "dependencies": { "undici-types": "~8.3.0" } }, "sha512-Vu4a5UFA9rIIFJ7rB/Vaafh9lrCQszopTCx6KjFboXTGQbPNasehVR5TEiithSDGyd1DEiUByggTZsg8jukeIg=="],

    "ansi-regex": ["ansi-regex@6.2.2", "", {}, "sha512-Bq3SmSpyFHaWjPk8If9yc6svM8c56dB5BAtW4Qbw5jHTwwXXcTLoRMkpDJp6VL0XzlWaCHTXrkFURMYmD0sLqg=="],

    "before-after-hook": ["before-after-hook@4.0.0", "", {}, "sha512-q6tR3RPqIB1pMiTRMFcZwuG5T8vwp+vUvEG0vuI6B+Rikh5BfPp2fQ82c925FOs+b0lcFQ8CFrL+KbilfZFhOQ=="],

    "bun-ffi-structs": ["bun-ffi-structs@0.2.4", "", { "peerDependencies": { "typescript": "^5" } }, "sha512-AJzsqoVFs1KBbJbWHIYrVZLDC3NhTqqh25awRXqzoLzmBAKr5oqk6+CwuYHAekKx+VBCYVohBoKuRq40dV+TYg=="],

    "bun-types": ["bun-types@1.3.14", "", { "dependencies": { "@types/node": "*" } }, "sha512-4N0ig0fEomHt5R0KCFWjovxow98rIoRwKolrYdCcknNwMekCXRnWEUvgu5soYV8QXtVsrUD8B95MBOZGPvr6KQ=="],

    "content-type": ["content-type@2.0.0", "", {}, "sha512-j/O/d7GcZCyNl7/hwZAb606rzqkyvaDctLmckbxLzHvFBzTJHuGEdodATcP3yIRoDrLHkIATJuvzbFlp/ki2cQ=="],

    "diff": ["diff@9.0.0", "", {}, "sha512-svtcdpS8CgJyqAjEQIXdb3OjhFVVYjzGAPO8WGCmRbrml64SPw/jJD4GoE98aR7r25A0XcgrK3F02yw9R/vhQw=="],

    "emoji-regex": ["emoji-regex@10.6.0", "", {}, "sha512-toUI84YS5YmxW219erniWD0CIVOo46xGKColeNQRgOzDorgBi1v4D71/OFzgD9GO2UGKIv1C3Sp8DAn0+j5w7A=="],

    "get-east-asian-width": ["get-east-asian-width@1.6.0", "", {}, "sha512-QRbvDIbx6YklUe6RxeTeleMR0yv3cYH6PsPZHcnVn7xv7zO1BHN8r0XETu8n6Ye3Q+ahtSarc3WgtNWmehIBfA=="],

    "json-with-bigint": ["json-with-bigint@3.5.10", "", {}, "sha512-Vcx+JVNEBts/xfcoCS69sKrOhOk/3TVlvlT+XzUOefVKnnrbYSCKpDCm10pohsJFtsJVYnwa/cXRZ4eElzaM6w=="],

    "marked": ["marked@17.0.1", "", { "bin": { "marked": "bin/marked.js" } }, "sha512-boeBdiS0ghpWcSwoNm/jJBwdpFaMnZWRzjA6SkUMYb40SVaN1x7mmfGKp0jvexGcx+7y2La5zRZsYFZI6Qpypg=="],

    "string-width": ["string-width@7.2.0", "", { "dependencies": { "emoji-regex": "^10.3.0", "get-east-asian-width": "^1.0.0", "strip-ansi": "^7.1.0" } }, "sha512-tsaTIkKW9b4N+AEj+SVA+WhJzV7/zMhcSu78mLKWSk7cXMOSHsBKFWUs0fWwq8QyK3MgJBQRX6Gbi4kYbdvGkQ=="],

    "strip-ansi": ["strip-ansi@7.1.2", "", { "dependencies": { "ansi-regex": "^6.0.1" } }, "sha512-gmBGslpoQJtgnMAvOVqGZpEz9dyoKTCzy2nfz/n8aIFhN/jCE/rCmcxabB6jOOHV+0WNnylOxaxBQPSvcWklhA=="],

    "typescript": ["typescript@5.9.3", "", { "bin": { "tsc": "bin/tsc", "tsserver": "bin/tsserver" } }, "sha512-jl1vZzPDinLr9eUt3J/t7V6FgNEw9QjvBPdysz9KfQDD41fQrC2Y4vKQdiaUpFT4bXlb1RHhLpp8wtm6M5TgSw=="],

    "undici-types": ["undici-types@8.3.0", "", {}, "sha512-j375ScV60dom+YkPFIfTLcOiPxkN/buHz5GobjLhixFuANaNs3C9l4GmrWqejgXWJ7BbJcFYpTEUkS1Ge8bpZQ=="],

    "universal-user-agent": ["universal-user-agent@7.0.3", "", {}, "sha512-TmnEAEAsBJVZM/AADELsK76llnwcf9vMKuPz8JflO1frO8Lchitr0fNaN9d+Ap0BjKtqWqd/J17qeDnXh8CL2A=="],

    "web-tree-sitter": ["web-tree-sitter@0.25.10", "", { "peerDependencies": { "@types/emscripten": "^1.40.0" }, "optionalPeers": ["@types/emscripten"] }, "sha512-Y09sF44/13XvgVKgO2cNDw5rGk6s26MgoZPXLESvMXeefBf7i6/73eFurre0IsTW6E14Y0ArIzhUMmjoc7xyzA=="],
  }
}
